// !$*UTF8*$!
{
	archiveVersion = 1;
	classes = {
	};
	objectVersion = 50;
	objects = {

/* Begin PBXBuildFile section */
		D877E89D20AF4C320069399B /* AppDelegate.swift in Sources */ = {isa = PBXBuildFile; fileRef = D877E89C20AF4C320069399B /* AppDelegate.swift */; };
		D877E89F20AF4C320069399B /* GameScene.sks in Resources */ = {isa = PBXBuildFile; fileRef = D877E89E20AF4C320069399B /* GameScene.sks */; };
		D877E8A120AF4C320069399B /* Actions.sks in Resources */ = {isa = PBXBuildFile; fileRef = D877E8A020AF4C320069399B /* Actions.sks */; };
		D877E8A320AF4C320069399B /* GameScene.swift in Sources */ = {isa = PBXBuildFile; fileRef = D877E8A220AF4C320069399B /* GameScene.swift */; };
		D877E8A520AF4C320069399B /* GameViewController.swift in Sources */ = {isa = PBXBuildFile; fileRef = D877E8A420AF4C320069399B /* GameViewController.swift */; };
		D877E8A820AF4C320069399B /* Main.storyboard in Resources */ = {isa = PBXBuildFile; fileRef = D877E8A620AF4C320069399B /* Main.storyboard */; };
		D877E8AA20AF4C380069399B /* Assets.xcassets in Resources */ = {isa = PBXBuildFile; fileRef = D877E8A920AF4C380069399B /* Assets.xcassets */; };
		D877E8AD20AF4C380069399B /* LaunchScreen.storyboard in Resources */ = {isa = PBXBuildFile; fileRef = D877E8AB20AF4C380069399B /* LaunchScreen.storyboard */; };
		D877E8B620AF4D500069399B /* level1.txt in Resources */ = {isa = PBXBuildFile; fileRef = D877E8B520AF4D500069399B /* level1.txt */; };
/* End PBXBuildFile section */

/* Begin PBXFileReference section */
		D877E89920AF4C320069399B /* Project26.app */ = {isa = PBXFileReference; explicitFileType = wrapper.application; includeInIndex = 0; path = Project26.app; sourceTree = BUILT_PRODUCTS_DIR; };
		D877E89C20AF4C320069399B /* AppDelegate.swift */ = {isa = PBXFileReference; lastKnownFileType = sourcecode.swift; path = AppDelegate.swift; sourceTree = "<group>"; };
		D877E89E20AF4C320069399B /* GameScene.sks */ = {isa = PBXFileReference; lastKnownFileType = file.sks; path = GameScene.sks; sourceTree = "<group>"; };
		D877E8A020AF4C320069399B /* Actions.sks */ = {isa = PBXFileReference; lastKnownFileType = file.sks; path = Actions.sks; sourceTree = "<group>"; };
		D877E8A220AF4C320069399B /* GameScene.swift */ = {isa = PBXFileReference; lastKnownFileType = sourcecode.swift; path = GameScene.swift; sourceTree = "<group>"; };
		D877E8A420AF4C320069399B /* GameViewController.swift */ = {isa = PBXFileReference; lastKnownFileType = sourcecode.swift; path = GameViewController.swift; sourceTree = "<group>"; };
		D877E8A720AF4C320069399B /* Base */ = {isa = PBXFileReference; lastKnownFileType = file.storyboard; name = Base; path = Base.lproj/Main.storyboard; sourceTree = "<group>"; };
		D877E8A920AF4C380069399B /* Assets.xcassets */ = {isa = PBXFileReference; lastKnownFileType = folder.assetcatalog; path = Assets.xcassets; sourceTree = "<group>"; };
		D877E8AC20AF4C380069399B /* Base */ = {isa = PBXFileReference; lastKnownFileType = file.storyboard; name = Base; path = Base.lproj/LaunchScreen.storyboard; sourceTree = "<group>"; };
		D877E8AE20AF4C380069399B /* Info.plist */ = {isa = PBXFileReference; lastKnownFileType = text.plist.xml; path = Info.plist; sourceTree = "<group>"; };
		D877E8B520AF4D500069399B /* level1.txt */ = {isa = PBXFileReference; fileEncoding = 4; lastKnownFileType = text; path = level1.txt; sourceTree = "<group>"; };
/* End PBXFileReference section */

/* Begin PBXFrameworksBuildPhase section */
		D877E89620AF4C320069399B /* Frameworks */ = {
			isa = PBXFrameworksBuildPhase;
			buildActionMask = 2147483647;
			files = (
			);
			runOnlyForDeploymentPostprocessing = 0;
		};
/* End PBXFrameworksBuildPhase section */

/* Begin PBXGroup section */
		D877E89020AF4C320069399B = {
			isa = PBXGroup;
			children = (
				D877E89B20AF4C320069399B /* Project26 */,
				D877E89A20AF4C320069399B /* Products */,
			);
			sourceTree = "<group>";
		};
		D877E89A20AF4C320069399B /* Products */ = {
			isa = PBXGroup;
			children = (
				D877E89920AF4C320069399B /* Project26.app */,
			);
			name = Products;
			sourceTree = "<group>";
		};
		D877E89B20AF4C320069399B /* Project26 */ = {
			isa = PBXGroup;
			children = (
				D877E89E20AF4C320069399B /* GameScene.sks */,
				D877E8A020AF4C320069399B /* Actions.sks */,
				D877E8A220AF4C320069399B /* GameScene.swift */,
				D877E8B420AF4CCB0069399B /* Supporting Files */,
			);
			path = Project26;
			sourceTree = "<group>";
		};
		D877E8B420AF4CCB0069399B /* Supporting Files */ = {
			isa = PBXGroup;
			children = (
				D877E8B520AF4D500069399B /* level1.txt */,
				D877E89C20AF4C320069399B /* AppDelegate.swift */,
				D877E8A420AF4C320069399B /* GameViewController.swift */,
				D877E8A620AF4C320069399B /* Main.storyboard */,
				D877E8A920AF4C380069399B /* Assets.xcassets */,
				D877E8AB20AF4C380069399B /* LaunchScreen.storyboard */,
				D877E8AE20AF4C380069399B /* Info.plist */,
			);
			name = "Supporting Files";
			sourceTree = "<group>";
		};
/* End PBXGroup section */

/* Begin PBXNativeTarget section */
		D877E89820AF4C320069399B /* Project26 */ = {
			isa = PBXNativeTarget;
			buildConfigurationList = D877E8B120AF4C380069399B /* Build configuration list for PBXNativeTarget "Project26" */;
			buildPhases = (
				D877E89520AF4C320069399B /* Sources */,
				D877E89620AF4C320069399B /* Frameworks */,
				D877E89720AF4C320069399B /* Resources */,
			);
			buildRules = (
			);
			dependencies = (
			);
			name = Project26;
			productName = Project26;
			productReference = D877E89920AF4C320069399B /* Project26.app */;
			productType = "com.apple.product-type.application";
		};
/* End PBXNativeTarget section */

/* Begin PBXProject section */
		D877E89120AF4C320069399B /* Project object */ = {
			isa = PBXProject;
			attributes = {
				LastSwiftUpdateCheck = 0930;
				LastUpgradeCheck = 0930;
				ORGANIZATIONNAME = "Cory Steers";
				TargetAttributes = {
					D877E89820AF4C320069399B = {
						CreatedOnToolsVersion = 9.3;
					};
				};
			};
			buildConfigurationList = D877E89420AF4C320069399B /* Build configuration list for PBXProject "Project26" */;
			compatibilityVersion = "Xcode 9.3";
			developmentRegion = en;
			hasScannedForEncodings = 0;
			knownRegions = (
				en,
				Base,
			);
			mainGroup = D877E89020AF4C320069399B;
			productRefGroup = D877E89A20AF4C320069399B /* Products */;
			projectDirPath = "";
			projectRoot = "";
			targets = (
				D877E89820AF4C320069399B /* Project26 */,
			);
		};
/* End PBXProject section */

/* Begin PBXResourcesBuildPhase section */
		D877E89720AF4C320069399B /* Resources */ = {
			isa = PBXResourcesBuildPhase;
			buildActionMask = 2147483647;
			files = (
				D877E8A820AF4C320069399B /* Main.storyboard in Resources */,
				D877E89F20AF4C320069399B /* GameScene.sks in Resources */,
				D877E8AA20AF4C380069399B /* Assets.xcassets in Resources */,
				D877E8B620AF4D500069399B /* level1.txt in Resources */,
				D877E8AD20AF4C380069399B /* LaunchScreen.storyboard in Resources */,
				D877E8A120AF4C320069399B /* Actions.sks in Resources */,
			);
			runOnlyForDeploymentPostprocessing = 0;
		};
/* End PBXResourcesBuildPhase section */

/* Begin PBXSourcesBuildPhase section */
		D877E89520AF4C320069399B /* Sources */ = {
			isa = PBXSourcesBuildPhase;
			buildActionMask = 2147483647;
			files = (
				D877E8A320AF4C320069399B /* GameScene.swift in Sources */,
				D877E8A520AF4C320069399B /* GameViewController.swift in Sources */,
				D877E89D20AF4C320069399B /* AppDelegate.swift in Sources */,
			);
			runOnlyForDeploymentPostprocessing = 0;
		};
/* End PBXSourcesBuildPhase section */

/* Begin PBXVariantGroup section */
		D877E8A620AF4C320069399B /* Main.storyboard */ = {
			isa = PBXVariantGroup;
			children = (
				D877E8A720AF4C320069399B /* Base */,
			);
			name = Main.storyboard;
			sourceTree = "<group>";
		};
		D877E8AB20AF4C380069399B /* LaunchScreen.storyboard */ = {
			isa = PBXVariantGroup;
			children = (
				D877E8AC20AF4C380069399B /* Base */,
			);
			name = LaunchScreen.storyboard;
			sourceTree = "<group>";
		};
/* End PBXVariantGroup section */

/* Begin XCBuildConfiguration section */
		D877E8AF20AF4C380069399B /* Debug */ = {
			isa = XCBuildConfiguration;
			buildSettings = {
				ALWAYS_SEARCH_USER_PATHS = NO;
				CLANG_ANALYZER_NONNULL = YES;
				CLANG_ANALYZER_NUMBER_OBJECT_CONVERSION = YES_AGGRESSIVE;
				CLANG_CXX_LANGUAGE_STANDARD = "gnu++14";
				CLANG_CXX_LIBRARY = "libc++";
				CLANG_ENABLE_MODULES = YES;
				CLANG_ENABLE_OBJC_ARC = YES;
				CLANG_ENABLE_OBJC_WEAK = YES;
				CLANG_WARN_BLOCK_CAPTURE_AUTORELEASING = YES;
				CLANG_WARN_BOOL_CONVERSION = YES;
				CLANG_WARN_COMMA = YES;
				CLANG_WARN_CONSTANT_CONVERSION = YES;
				CLANG_WARN_DEPRECATED_OBJC_IMPLEMENTATIONS = YES;
				CLANG_WARN_DIRECT_OBJC_ISA_USAGE = YES_ERROR;
				CLANG_WARN_DOCUMENTATION_COMMENTS = YES;
				CLANG_WARN_EMPTY_BODY = YES;
				CLANG_WARN_ENUM_CONVERSION = YES;
				CLANG_WARN_INFINITE_RECURSION = YES;
				CLANG_WARN_INT_CONVERSION = YES;
				CLANG_WARN_NON_LITERAL_NULL_CONVERSION = YES;
				CLANG_WARN_OBJC_IMPLICIT_RETAIN_SELF = YES;
				CLANG_WARN_OBJC_LITERAL_CONVERSION = YES;
				CLANG_WARN_OBJC_ROOT_CLASS = YES_ERROR;
				CLANG_WARN_RANGE_LOOP_ANALYSIS = YES;
				CLANG_WARN_STRICT_PROTOTYPES = YES;
				CLANG_WARN_SUSPICIOUS_MOVE = YES;
				CLANG_WARN_UNGUARDED_AVAILABILITY = YES_AGGRESSIVE;
				CLANG_WARN_UNREACHABLE_CODE = YES;
				CLANG_WARN__DUPLICATE_METHOD_MATCH = YES;
				CODE_SIGN_IDENTITY = "iPhone Developer";
				COPY_PHASE_STRIP = NO;
				DEBUG_INFORMATION_FORMAT = dwarf;
				ENABLE_STRICT_OBJC_MSGSEND = YES;
				ENABLE_TESTABILITY = YES;
				GCC_C_LANGUAGE_STANDARD = gnu11;
				GCC_DYNAMIC_NO_PIC = NO;
				GCC_NO_COMMON_BLOCKS = YES;
				GCC_OPTIMIZATION_LEVEL = 0;
				GCC_PREPROCESSOR_DEFINITIONS = (
					"DEBUG=1",
					"$(inherited)",
				);
				GCC_WARN_64_TO_32_BIT_CONVERSION = YES;
				GCC_WARN_ABOUT_RETURN_TYPE = YES_ERROR;
				GCC_WARN_UNDECLARED_SELECTOR = YES;
				GCC_WARN_UNINITIALIZED_AUTOS = YES_AGGRESSIVE;
				GCC_WARN_UNUSED_FUNCTION = YES;
				GCC_WARN_UNUSED_VARIABLE = YES;
				IPHONEOS_DEPLOYMENT_TARGET = 11.3;
				MTL_ENABLE_DEBUG_INFO = YES;
				ONLY_ACTIVE_ARCH = YES;
				SDKROOT = iphoneos;
				SWIFT_ACTIVE_COMPILATION_CONDITIONS = DEBUG;
				SWIFT_OPTIMIZATION_LEVEL = "-Onone";
			};
			name = Debug;
		};
		D877E8B020AF4C380069399B /* Release */ = {
			isa = XCBuildConfiguration;
			buildSettings = {
				ALWAYS_SEARCH_USER_PATHS = NO;
				CLANG_ANALYZER_NONNULL = YES;
				CLANG_ANALYZER_NUMBER_OBJECT_CONVERSION = YES_AGGRESSIVE;
				CLANG_CXX_LANGUAGE_STANDARD = "gnu++14";
				CLANG_CXX_LIBRARY = "libc++";
				CLANG_ENABLE_MODULES = YES;
				CLANG_ENABLE_OBJC_ARC = YES;
				CLANG_ENABLE_OBJC_WEAK = YES;
				CLANG_WARN_BLOCK_CAPTURE_AUTORELEASING = YES;
				CLANG_WARN_BOOL_CONVERSION = YES;
				CLANG_WARN_COMMA = YES;
				CLANG_WARN_CONSTANT_CONVERSION = YES;
				CLANG_WARN_DEPRECATED_OBJC_IMPLEMENTATIONS = YES;
				CLANG_WARN_DIRECT_OBJC_ISA_USAGE = YES_ERROR;
				CLANG_WARN_DOCUMENTATION_COMMENTS = YES;
				CLANG_WARN_EMPTY_BODY = YES;
				CLANG_WARN_ENUM_CONVERSION = YES;
				CLANG_WARN_INFINITE_RECURSION = YES;
				CLANG_WARN_INT_CONVERSION = YES;
				CLANG_WARN_NON_LITERAL_NULL_CONVERSION = YES;
				CLANG_WARN_OBJC_IMPLICIT_RETAIN_SELF = YES;
				CLANG_WARN_OBJC_LITERAL_CONVERSION = YES;
				CLANG_WARN_OBJC_ROOT_CLASS = YES_ERROR;
				CLANG_WARN_RANGE_LOOP_ANALYSIS = YES;
				CLANG_WARN_STRICT_PROTOTYPES = YES;
				CLANG_WARN_SUSPICIOUS_MOVE = YES;
				CLANG_WARN_UNGUARDED_AVAILABILITY = YES_AGGRESSIVE;
				CLANG_WARN_UNREACHABLE_CODE = YES;
				CLANG_WARN__DUPLICATE_METHOD_MATCH = YES;
				CODE_SIGN_IDENTITY = "iPhone Developer";
				COPY_PHASE_STRIP = NO;
				DEBUG_INFORMATION_FORMAT = "dwarf-with-dsym";
				ENABLE_NS_ASSERTIONS = NO;
				ENABLE_STRICT_OBJC_MSGSEND = YES;
				GCC_C_LANGUAGE_STANDARD = gnu11;
				GCC_NO_COMMON_BLOCKS = YES;
				GCC_WARN_64_TO_32_BIT_CONVERSION = YES;
				GCC_WARN_ABOUT_RETURN_TYPE = YES_ERROR;
				GCC_WARN_UNDECLARED_SELECTOR = YES;
				GCC_WARN_UNINITIALIZED_AUTOS = YES_AGGRESSIVE;
				GCC_WARN_UNUSED_FUNCTION = YES;
				GCC_WARN_UNUSED_VARIABLE = YES;
				IPHONEOS_DEPLOYMENT_TARGET = 11.3;
				MTL_ENABLE_DEBUG_INFO = NO;
				SDKROOT = iphoneos;
				SWIFT_COMPILATION_MODE = wholemodule;
				SWIFT_OPTIMIZATION_LEVEL = "-O";
				VALIDATE_PRODUCT = YES;
			};
			name = Release;
		};
		D877E8B220AF4C380069399B /* Debug */ = {
			isa = XCBuildConfiguration;
			buildSettings = {
				ASSETCATALOG_COMPILER_APPICON_NAME = AppIcon;
				CODE_SIGN_STYLE = Automatic;
				INFOPLIST_FILE = Project26/Info.plist;
				LD_RUNPATH_SEARCH_PATHS = (
					"$(inherited)",
					"@executable_path/Frameworks",
				);
				PRODUCT_BUNDLE_IDENTIFIER = com.madsteer.Project26;
				PRODUCT_NAME = "$(TARGET_NAME)";
				SWIFT_VERSION = 4.0;
				TARGETED_DEVICE_FAMILY = 2;
			};
			name = Debug;
		};
		D877E8B320AF4C380069399B /* Release */ = {
			isa = XCBuildConfiguration;
			buildSettings = {
				ASSETCATALOG_COMPILER_APPICON_NAME = AppIcon;
				CODE_SIGN_STYLE = Automatic;
				INFOPLIST_FILE = Project26/Info.plist;
				LD_RUNPATH_SEARCH_PATHS = (
					"$(inherited)",
					"@executable_path/Frameworks",
				);
				PRODUCT_BUNDLE_IDENTIFIER = com.madsteer.Project26;
				PRODUCT_NAME = "$(TARGET_NAME)";
				SWIFT_VERSION = 4.0;
				TARGETED_DEVICE_FAMILY = 2;
			};
			name = Release;
		};
/* End XCBuildConfiguration section */

/* Begin XCConfigurationList section */
		D877E89420AF4C320069399B /* Build configuration list for PBXProject "Project26" */ = {
			isa = XCConfigurationList;
			buildConfigurations = (
				D877E8AF20AF4C380069399B /* Debug */,
				D877E8B020AF4C380069399B /* Release */,
			);
			defaultConfigurationIsVisible = 0;
			defaultConfigurationName = Release;
		};
		D877E8B120AF4C380069399B /* Build configuration list for PBXNativeTarget "Project26" */ = {
			isa = XCConfigurationList;
			buildConfigurations = (
				D877E8B220AF4C380069399B /* Debug */,
				D877E8B320AF4C380069399B /* Release */,
			);
			defaultConfigurationIsVisible = 0;
			defaultConfigurationName = Release;
		};
/* End XCConfigurationList section */
	};
	rootObject = D877E89120AF4C320069399B /* Project object */;
}
